
Microsoft Visual Studio Solution File, Format Version 12.00
Project("{FAE04EC0-301F-11D3-BF4B-00C04F79EFBC}") = "Ashy.Wpa2Decoder.Library", "src\Ashy.Wpa2Decoder.Library\Ashy.Wpa2Decoder.Library.csproj", "{C22F76BE-B799-4C52-87D4-E6D3789600D3}"
EndProject
Project("{FAE04EC0-301F-11D3-BF4B-00C04F79EFBC}") = "Ashy.Wpa2Decoder.Library.Tests", "src\Ashy.Wpa2Decoder.Library.Tests\Ashy.Wpa2Decoder.Library.Tests.csproj", "{527D46FD-9D23-4CAC-8D56-FC212D061223}"
EndProject
Global
	GlobalSection(SolutionConfigurationPlatforms) = preSolution
		Debug|Any CPU = Debug|Any CPU
		Release|Any CPU = Release|Any CPU
	EndGlobalSection
	GlobalSection(ProjectConfigurationPlatforms) = postSolution
		{C22F76BE-B799-4C52-87D4-E6D3789600D3}.Debug|Any CPU.ActiveCfg = Debug|Any CPU
		{C22F76BE-B799-4C52-87D4-E6D3789600D3}.Debug|Any CPU.Build.0 = Debug|Any CPU
		{C22F76BE-B799-4C52-87D4-E6D3789600D3}.Release|Any CPU.ActiveCfg = Release|Any CPU
		{C22F76BE-B799-4C52-87D4-E6D3789600D3}.Release|Any CPU.Build.0 = Release|Any CPU
		{527D46FD-9D23-4CAC-8D56-FC212D061223}.Debug|Any CPU.ActiveCfg = Debug|Any CPU
		{527D46FD-9D23-4CAC-8D56-FC212D061223}.Debug|Any CPU.Build.0 = Debug|Any CPU
		{527D46FD-9D23-4CAC-8D56-FC212D061223}.Release|Any CPU.ActiveCfg = Release|Any CPU
		{527D46FD-9D23-4CAC-8D56-FC212D061223}.Release|Any CPU.Build.0 = Release|Any CPU
	EndGlobalSection
EndGlobal
